version = 1
revision = 3
requires-python = "==3.12.*"

[[package]]
name = "annotated-types"
version = "0.8.0"
source = { registry = "https://pypi.org/simple" }
sdist = { url = "https://files.pythonhosted.org/packages/5f/56/a8120250d128bed162cd73c76d45f6ef9991f3e068f62a8ee060afa3104a/annotated_types-0.8.0.tar.gz", hash = "sha256:13b2beaad985e05e2d6407ee4c4f35590b11f8d693a258a561055cac8f64cab7", size = 15893, upload-time = "2026-07-23T20:16:13.995Z" }
wheels = [
    { url = "https://files.pythonhosted.org/packages/99/91/8acff4f5e50511b911bbccb72b8628a49c68ce14148cd9f6431094859a90/annotated_types-0.8.0-py3-none-any.whl", hash = "sha256:f072f4d804ea359e4eaf198b1af7a8b0943881a87f31bb764f8bf219bb9419e0", size = 13427, upload-time = "2026-07-23T20:16:12.938Z" },
]

[[package]]
name = "anyio"
version = "4.14.2"
source = { registry = "https://pypi.org/simple" }
dependencies = [
    { name = "idna" },
    { name = "typing-extensions" },
]
sdist = { url = "https://files.pythonhosted.org/packages/61/cc/a381afa6efea9f496eff839d4a6a1aed3bfafc7b3ab4b0d1b243a12573dd/anyio-4.14.2.tar.gz", hash = "sha256:cfa139f3ed1a23ee8f88a145ddb5ac7605b8bbfd8592baacd7ce3d8bb4313c7f", size = 260176, upload-time = "2026-07-12T20:29:07.082Z" }
wheels = [
    { url = "https://files.pythonhosted.org/packages/da/35/f2287558c17e29fafc8ef3daf819bb9834061cfa43bff8014f7df7f63bdc/anyio-4.14.2-py3-none-any.whl", hash = "sha256:9f505dda5ac9f0c8309b5e8bd445a8c2bf7246f3ce950121e45ea15bc41d1494", size = 125813, upload-time = "2026-07-12T20:29:05.763Z" },
]

[[package]]
name = "app"
version = "0.1.0"
source = { virtual = "." }
dependencies = [
    { name = "email-validator" },
    { name = "fastapi" },
    { name = "passlib" },
    { name = "psycopg2-binary" },
    { name = "pydantic" },
    { name = "pyjwt" },
    { name = "sqlmodel" },
    { name = "uvicorn" },
]

[package.metadata]
requires-dist = [
    { name = "email-validator", specifier = "==2.2.0" },
    { name = "fastapi", specifier = "==0.115.0" },
    { name = "passlib", specifier = "==1.7.4" },
    { name = "psycopg2-binary", specifier = "==2.9.9" },
    { name = "pydantic", specifier = "==2.9.2" },
    { name = "pyjwt", specifier = "==2.9.0" },
    { name = "sqlmodel", specifier = "==0.0.22" },
    { name = "uvicorn", specifier = "==0.30.6" },
]

[[package]]
name = "click"
version = "8.5.0"
source = { registry = "https://pypi.org/simple" }
sdist = { url = "https://files.pythonhosted.org/packages/c7/0e/7fa0ef50764b67090eca4114772a2abf8b6148198475e54c660b97caeee6/click-8.5.0.tar.gz", hash = "sha256:ba0d2089de75ea0310e2dde03160e6ca10009947fb95a182f9b54021bb272e34", size = 382235, upload-time = "2026-08-26T13:33:14.56Z" }
wheels = [
    { url = "https://files.pythonhosted.org/packages/58/50/6c0d534c5f134586a8e1ba4e330569e32f057e33372ae556463212fb4cd3/click-8.5.0-py3-none-any.whl", hash = "sha256:255bc9599cf7748b4b1a446ccc735421bd08a2ae529a8b88597d3de5664ee360", size = 125251, upload-time = "2026-08-26T13:33:12.928Z" },
]

[[package]]
name = "dnspython"
version = "2.8.0"
source = { registry = "https://pypi.org/simple" }
sdist = { url = "https://files.pythonhosted.org/packages/8c/8b/57666417c0f90f08bcafa776861060426765fdb422eb10212086fb811d26/dnspython-2.8.0.tar.gz", hash = "sha256:181d3c6996452cb1189c4046c61599b84a5a86e099562ffde77d26984ff26d0f", size = 368251, upload-time = "2025-09-07T18:58:00.022Z" }
wheels = [
    { url = "https://files.pythonhosted.org/packages/ba/5a/18ad964b0086c6e62e2e7500f7edc89e3faa45033c71c1893d34eed2b2de/dnspython-2.8.0-py3-none-any.whl", hash = "sha256:01d9bbc4a2d76bf0db7c1f729812ded6d912bd318d3b1cf81d30c0f845dbf3af", size = 331094, upload-time = "2025-09-07T18:57:58.071Z" },
]

[[package]]
name = "email-validator"
version = "2.2.0"
source = { registry = "https://pypi.org/simple" }
dependencies = [
    { name = "dnspython" },
    { name = "idna" },
]
sdist = { url = "https://files.pythonhosted.org/packages/48/ce/13508a1ec3f8bb981ae4ca79ea40384becc868bfae97fd1c942bb3a001b1/email_validator-2.2.0.tar.gz", hash = "sha256:cb690f344c617a714f22e66ae771445a1ceb46821152df8e165c5f9a364582b7", size = 48967, upload-time = "2024-06-20T11:30:30.034Z" }
wheels = [
    { url = "https://files.pythonhosted.org/packages/d7/ee/bf0adb559ad3c786f12bcbc9296b3f5675f529199bef03e2df281fa1fadb/email_validator-2.2.0-py3-none-any.whl", hash = "sha256:561977c2d73ce3611850a06fa56b414621e0c8faa9d66f2611407d87465da631", size = 33521, upload-time = "2024-06-20T11:30:28.248Z" },
]

[[package]]
name = "fastapi"
version = "0.115.0"
source = { registry = "https://pypi.org/simple" }
dependencies = [
    { name = "pydantic" },
    { name = "starlette" },
    { name = "typing-extensions" },
]
sdist = { url = "https://files.pythonhosted.org/packages/7b/5e/bf0471f14bf6ebfbee8208148a3396d1a23298531a6cc10776c59f4c0f87/fastapi-0.115.0.tar.gz", hash = "sha256:f93b4ca3529a8ebc6fc3fcf710e5efa8de3df9b41570958abf1d97d843138004", size = 302295, upload-time = "2024-09-17T19:18:12.674Z" }
wheels = [
    { url = "https://files.pythonhosted.org/packages/06/ab/a1f7eed031aeb1c406a6e9d45ca04bff401c8a25a30dd0e4fd2caae767c3/fastapi-0.115.0-py3-none-any.whl", hash = "sha256:17ea427674467486e997206a5ab25760f6b09e069f099b96f5b55a32fb6f1631", size = 94625, upload-time = "2024-09-17T19:18:10.962Z" },
]

[[package]]
name = "greenlet"
version = "3.5.5"
source = { registry = "https://pypi.org/simple" }
sdist = { url = "https://files.pythonhosted.org/packages/0b/d8/7cc97c142388aef03f622e001c572c4f84e9252a439549d483f555771970/greenlet-3.5.5.tar.gz", hash = "sha256:adb4bae02e91a8e863e48b177e4014bdcac8a6b5e047ea1df687a61534b85e6c", size = 207585, upload-time = "2026-08-10T15:09:36.136Z" }
wheels = [
    { url = "https://files.pythonhosted.org/packages/2e/7e/9ecd0285e3153532ae07aeb88063c43c72b4221cf0d4d123b02f3682e3ff/greenlet-3.5.5-cp312-cp312-macosx_11_0_universal2.whl", hash = "sha256:49520f0c95a48b42cf55414b8e8479beb274ea70431afc33e3f79903c71f4380", size = 295809, upload-time = "2026-08-10T13:25:34.023Z" },
    { url = "https://files.pythonhosted.org/packages/35/73/60e4bbcc89252037b18087f2ec16405d5b2d5be42dde191bbf3667e96102/greenlet-3.5.5-cp312-cp312-manylinux_2_24_aarch64.manylinux_2_28_aarch64.whl", hash = "sha256:55272212cbc5f43d1d723725ab931f1939969b7e9523882ca58b55061769d053", size = 611910, upload-time = "2026-08-10T14:14:35.18Z" },
    { url = "https://files.pythonhosted.org/packages/a4/17/cd5134be659cd4a443e7a61ae670dabec165a814c51162916d637b6dd38e/greenlet-3.5.5-cp312-cp312-manylinux_2_24_ppc64le.manylinux_2_28_ppc64le.whl", hash = "sha256:655bca754a2ef4efcb0eb48a94d3f4593536d0f3d48f8ed44343c01d16a92f95", size = 624198, upload-time = "2026-08-10T14:27:25.229Z" },
    { url = "https://files.pythonhosted.org/packages/78/ac/5c5b959999b6f09c3026b5dfe171575bc3121c5236ce74f495096f25b203/greenlet-3.5.5-cp312-cp312-manylinux_2_24_x86_64.manylinux_2_28_x86_64.whl", hash = "sha256:147b25a42e5ca5be3d42356e8f608b37af715a1c196e9bf9d1627f3341adfe1d", size = 621439, upload-time = "2026-08-10T13:40:49.391Z" },
    { url = "https://files.pythonhosted.org/packages/c8/8b/6acf112ed8aee499f25b4d6949820fb02ac950ff9c1f3d793bd5be0599f2/greenlet-3.5.5-cp312-cp312-musllinux_1_2_aarch64.whl", hash = "sha256:27493374cff1d1b7919dc8126547f2aea582737e3046147b434b1e12de56389b", size = 1581342, upload-time = "2026-08-10T14:15:05.653Z" },
    { url = "https://files.pythonhosted.org/packages/b8/d7/734e5f198888876b42d7616ff6644c075baf6b8a2412deadd6b0e1b8b20c/greenlet-3.5.5-cp312-cp312-musllinux_1_2_x86_64.whl", hash = "sha256:12e2ee66c2aba86133f10fd99d6a8856c6d351ffb7be0e4d52ef2cc5fbb705b2", size = 1645744, upload-time = "2026-08-10T13:40:30.353Z" },
    { url = "https://files.pythonhosted.org/packages/de/30/1f42b88dc587b5899ee50616ad56ee40cafaf225df4fb829f10183c62a5c/greenlet-3.5.5-cp312-cp312-win_amd64.whl", hash = "sha256:49ddacd36af37735fab103846f4ee4d18a492dde72730d1699c0c8ebe30d9f18", size = 324171, upload-time = "2026-08-10T13:28:44.472Z" },
    { url = "https://files.pythonhosted.org/packages/76/e5/4dee4d8d2e603fe5fdd7b444e63219f7b9bd852c60c6214511c7157cbe88/greenlet-3.5.5-cp312-cp312-win_arm64.whl", hash = "sha256:5f1b1ff4828cdc1aba4266aff814085d04a1d07959287219af021b838b265d52", size = 308362, upload-time = "2026-08-10T13:26:46.839Z" },
]

[[package]]
name = "h11"
version = "0.16.0"
source = { registry = "https://pypi.org/simple" }
sdist = { url = "https://files.pythonhosted.org/packages/01/ee/02a2c011bdab74c6fb3c75474d40b3052059d95df7e73351460c8588d963/h11-0.16.0.tar.gz", hash = "sha256:4e35b956cf45792e4caa5885e69fba00bdbc6ffafbfa020300e549b208ee5ff1", size = 101250, upload-time = "2025-04-24T03:35:25.427Z" }
wheels = [
    { url = "https://files.pythonhosted.org/packages/04/4b/29cac41a4d98d144bf5f6d33995617b185d14b22401f75ca86f384e87ff1/h11-0.16.0-py3-none-any.whl", hash = "sha256:63cf8bbe7522de3bf65932fda1d9c2772064ffb3dae62d55932da54b31cb6c86", size = 37515, upload-time = "2025-04-24T03:35:24.344Z" },
]

[[package]]
name = "idna"
version = "3.19"
source = { registry = "https://pypi.org/simple" }
sdist = { url = "https://files.pythonhosted.org/packages/5f/f7/abb373e5757eaec4b922b92f97ec8d6d7e057cf06778247604fbc4e7c3f3/idna-3.19.tar.gz", hash = "sha256:5e0811a4383b21dc5838069f801c4fb62113b7447663d2530d2bd6e77b49bf15", size = 215237, upload-time = "2026-08-18T05:14:24.27Z" }
wheels = [
    { url = "https://files.pythonhosted.org/packages/57/b0/0e52c878c53f245edd3a11020f20979b3f490f245af532c7cae3027754b5/idna-3.19-py3-none-any.whl", hash = "sha256:815e7be7a7806d54abb586dc943addc79e8b2ee16915059658cbeff4b1b43bf4", size = 68550, upload-time = "2026-08-18T05:14:22.343Z" },
]

[[package]]
name = "passlib"
version = "1.7.4"
source = { registry = "https://pypi.org/simple" }
sdist = { url = "https://files.pythonhosted.org/packages/b6/06/9da9ee59a67fae7761aab3ccc84fa4f3f33f125b370f1ccdb915bf967c11/passlib-1.7.4.tar.gz", hash = "sha256:defd50f72b65c5402ab2c573830a6978e5f202ad0d984793c8dde2c4152ebe04", size = 689844, upload-time = "2020-10-08T19:00:52.121Z" }
wheels = [
    { url = "https://files.pythonhosted.org/packages/3b/a4/ab6b7589382ca3df236e03faa71deac88cae040af60c071a78d254a62172/passlib-1.7.4-py2.py3-none-any.whl", hash = "sha256:aa6bca462b8d8bda89c70b382f0c298a20b5560af6cbfa2dce410c0a2fb669f1", size = 525554, upload-time = "2020-10-08T19:00:49.856Z" },
]

[[package]]
name = "psycopg2-binary"
version = "2.9.9"
source = { registry = "https://pypi.org/simple" }
sdist = { url = "https://files.pythonhosted.org/packages/fc/07/e720e53bfab016ebcc34241695ccc06a9e3d91ba19b40ca81317afbdc440/psycopg2-binary-2.9.9.tar.gz", hash = "sha256:7f01846810177d829c7692f1f5ada8096762d9172af1b1a28d4ab5b77c923c1c", size = 384973, upload-time = "2023-10-03T12:48:55.128Z" }
wheels = [
    { url = "https://files.pythonhosted.org/packages/a7/d0/5f2db14e7b53552276ab613399a83f83f85b173a862d3f20580bc7231139/psycopg2_binary-2.9.9-cp312-cp312-macosx_10_9_x86_64.whl", hash = "sha256:8532fd6e6e2dc57bcb3bc90b079c60de896d2128c5d9d6f24a63875a95a088cf", size = 2823784, upload-time = "2023-10-03T12:47:00.404Z" },
    { url = "https://files.pythonhosted.org/packages/18/ca/da384fd47233e300e3e485c90e7aab5d7def896d1281239f75901faf87d4/psycopg2_binary-2.9.9-cp312-cp312-macosx_11_0_arm64.whl", hash = "sha256:b0605eaed3eb239e87df0d5e3c6489daae3f7388d455d0c0b4df899519c6a38d", size = 2553308, upload-time = "2023-11-01T10:40:33.984Z" },
    { url = "https://files.pythonhosted.org/packages/50/66/fa53d2d3d92f6e1ef469d92afc6a4fe3f6e8a9a04b687aa28fb1f1d954ee/psycopg2_binary-2.9.9-cp312-cp312-manylinux_2_17_aarch64.manylinux2014_aarch64.whl", hash = "sha256:8f8544b092a29a6ddd72f3556a9fcf249ec412e10ad28be6a0c0d948924f2212", size = 2851283, upload-time = "2023-10-03T12:47:02.736Z" },
    { url = "https://files.pythonhosted.org/packages/04/37/2429360ac5547378202db14eec0dde76edbe1f6627df5a43c7e164922859/psycopg2_binary-2.9.9-cp312-cp312-manylinux_2_17_i686.manylinux2014_i686.whl", hash = "sha256:2d423c8d8a3c82d08fe8af900ad5b613ce3632a1249fd6a223941d0735fce493", size = 3081839, upload-time = "2023-10-03T12:47:05.027Z" },
    { url = "https://files.pythonhosted.org/packages/62/2a/c0530b59d7e0d09824bc2102ecdcec0456b8ca4d47c0caa82e86fce3ed4c/psycopg2_binary-2.9.9-cp312-cp312-manylinux_2_17_ppc64le.manylinux2014_ppc64le.whl", hash = "sha256:2e5afae772c00980525f6d6ecf7cbca55676296b580c0e6abb407f15f3706996", size = 3264488, upload-time = "2023-10-03T12:47:08.962Z" },
    { url = "https://files.pythonhosted.org/packages/19/57/9f172b900795ea37246c78b5f52e00f4779984370855b3e161600156906d/psycopg2_binary-2.9.9-cp312-cp312-manylinux_2_17_x86_64.manylinux2014_x86_64.whl", hash = "sha256:6e6f98446430fdf41bd36d4faa6cb409f5140c1c2cf58ce0bbdaf16af7d3f119", size = 3020700, upload-time = "2023-10-03T12:47:12.23Z" },
    { url = "https://files.pythonhosted.org/packages/94/68/1176fc14ea76861b7b8360be5176e87fb20d5091b137c76570eb4e237324/psycopg2_binary-2.9.9-cp312-cp312-musllinux_1_1_aarch64.whl", hash = "sha256:c77e3d1862452565875eb31bdb45ac62502feabbd53429fdc39a1cc341d681ba", size = 2355968, upload-time = "2023-10-03T12:47:14.817Z" },
    { url = "https://files.pythonhosted.org/packages/70/bb/aec2646a705a09079d008ce88073401cd61fc9b04f92af3eb282caa3a2ec/psycopg2_binary-2.9.9-cp312-cp312-musllinux_1_1_i686.whl", hash = "sha256:cb16c65dcb648d0a43a2521f2f0a2300f40639f6f8c1ecbc662141e4e3e1ee07", size = 2536101, upload-time = "2023-10-03T12:47:17.454Z" },
    { url = "https://files.pythonhosted.org/packages/14/33/12818c157e333cb9d9e6753d1b2463b6f60dbc1fade115f8e4dc5c52cac4/psycopg2_binary-2.9.9-cp312-cp312-musllinux_1_1_ppc64le.whl", hash = "sha256:911dda9c487075abd54e644ccdf5e5c16773470a6a5d3826fda76699410066fb", size = 2487064, upload-time = "2023-10-03T12:47:20.717Z" },
    { url = "https://files.pythonhosted.org/packages/56/a2/7851c68fe8768f3c9c246198b6356ee3e4a8a7f6820cc798443faada3400/psycopg2_binary-2.9.9-cp312-cp312-musllinux_1_1_x86_64.whl", hash = "sha256:57fede879f08d23c85140a360c6a77709113efd1c993923c59fde17aa27599fe", size = 2456257, upload-time = "2023-10-03T12:47:23.004Z" },
    { url = "https://files.pythonhosted.org/packages/6f/ee/3ba07c6dc7c3294e717e94720da1597aedc82a10b1b180203ce183d4631a/psycopg2_binary-2.9.9-cp312-cp312-win32.whl", hash = "sha256:64cf30263844fa208851ebb13b0732ce674d8ec6a0c86a4e160495d299ba3c93", size = 1024709, upload-time = "2023-10-28T09:37:24.991Z" },
    { url = "https://files.pythonhosted.org/packages/7b/08/9c66c269b0d417a0af9fb969535f0371b8c538633535a7a6a5ca3f9231e2/psycopg2_binary-2.9.9-cp312-cp312-win_amd64.whl", hash = "sha256:81ff62668af011f9a48787564ab7eded4e9fb17a4a6a74af5ffa6a457400d2ab", size = 1163864, upload-time = "2023-10-28T09:37:28.155Z" },
]

[[package]]
name = "pydantic"
version = "2.9.2"
source = { registry = "https://pypi.org/simple" }
dependencies = [
    { name = "annotated-types" },
    { name = "pydantic-core" },
    { name = "typing-extensions" },
]
sdist = { url = "https://files.pythonhosted.org/packages/a9/b7/d9e3f12af310e1120c21603644a1cd86f59060e040ec5c3a80b8f05fae30/pydantic-2.9.2.tar.gz", hash = "sha256:d155cef71265d1e9807ed1c32b4c8deec042a44a50a4188b25ac67ecd81a9c0f", size = 769917, upload-time = "2024-09-17T15:59:54.273Z" }
wheels = [
    { url = "https://files.pythonhosted.org/packages/df/e4/ba44652d562cbf0bf320e0f3810206149c8a4e99cdbf66da82e97ab53a15/pydantic-2.9.2-py3-none-any.whl", hash = "sha256:f048cec7b26778210e28a0459867920654d48e5e62db0958433636cde4254f12", size = 434928, upload-time = "2024-09-17T15:59:51.827Z" },
]

[[package]]
name = "pydantic-core"
version = "2.23.4"
source = { registry = "https://pypi.org/simple" }
dependencies = [
    { name = "typing-extensions" },
]
sdist = { url = "https://files.pythonhosted.org/packages/e2/aa/6b6a9b9f8537b872f552ddd46dd3da230367754b6f707b8e1e963f515ea3/pydantic_core-2.23.4.tar.gz", hash = "sha256:2584f7cf844ac4d970fba483a717dbe10c1c1c96a969bf65d61ffe94df1b2863", size = 402156, upload-time = "2024-09-16T16:06:44.786Z" }
wheels = [
    { url = "https://files.pythonhosted.org/packages/74/7b/8e315f80666194b354966ec84b7d567da77ad927ed6323db4006cf915f3f/pydantic_core-2.23.4-cp312-cp312-macosx_10_12_x86_64.whl", hash = "sha256:f3e0da4ebaef65158d4dfd7d3678aad692f7666877df0002b8a522cdf088f231", size = 1856459, upload-time = "2024-09-16T16:04:38.438Z" },
    { url = "https://files.pythonhosted.org/packages/14/de/866bdce10ed808323d437612aca1ec9971b981e1c52e5e42ad9b8e17a6f6/pydantic_core-2.23.4-cp312-cp312-macosx_11_0_arm64.whl", hash = "sha256:f69a8e0b033b747bb3e36a44e7732f0c99f7edd5cea723d45bc0d6e95377ffee", size = 1770007, upload-time = "2024-09-16T16:04:40.229Z" },
    { url = "https://files.pythonhosted.org/packages/dc/69/8edd5c3cd48bb833a3f7ef9b81d7666ccddd3c9a635225214e044b6e8281/pydantic_core-2.23.4-cp312-cp312-manylinux_2_17_aarch64.manylinux2014_aarch64.whl", hash = "sha256:723314c1d51722ab28bfcd5240d858512ffd3116449c557a1336cbe3919beb87", size = 1790245, upload-time = "2024-09-16T16:04:41.794Z" },
    { url = "https://files.pythonhosted.org/packages/80/33/9c24334e3af796ce80d2274940aae38dd4e5676298b4398eff103a79e02d/pydantic_core-2.23.4-cp312-cp312-manylinux_2_17_armv7l.manylinux2014_armv7l.whl", hash = "sha256:bb2802e667b7051a1bebbfe93684841cc9351004e2badbd6411bf357ab8d5ac8", size = 1801260, upload-time = "2024-09-16T16:04:43.991Z" },
    { url = "https://files.pythonhosted.org/packages/a5/6f/e9567fd90104b79b101ca9d120219644d3314962caa7948dd8b965e9f83e/pydantic_core-2.23.4-cp312-cp312-manylinux_2_17_ppc64le.manylinux2014_ppc64le.whl", hash = "sha256:d18ca8148bebe1b0a382a27a8ee60350091a6ddaf475fa05ef50dc35b5df6327", size = 1996872, upload-time = "2024-09-16T16:04:45.593Z" },
    { url = "https://files.pythonhosted.org/packages/2d/ad/b5f0fe9e6cfee915dd144edbd10b6e9c9c9c9d7a56b69256d124b8ac682e/pydantic_core-2.23.4-cp312-cp312-manylinux_2_17_s390x.manylinux2014_s390x.whl", hash = "sha256:33e3d65a85a2a4a0dc3b092b938a4062b1a05f3a9abde65ea93b233bca0e03f2", size = 2661617, upload-time = "2024-09-16T16:04:47.3Z" },
    { url = "https://files.pythonhosted.org/packages/06/c8/7d4b708f8d05a5cbfda3243aad468052c6e99de7d0937c9146c24d9f12e9/pydantic_core-2.23.4-cp312-cp312-manylinux_2_17_x86_64.manylinux2014_x86_64.whl", hash = "sha256:128585782e5bfa515c590ccee4b727fb76925dd04a98864182b22e89a4e6ed36", size = 2071831, upload-time = "2024-09-16T16:04:48.893Z" },
    { url = "https://files.pythonhosted.org/packages/89/4d/3079d00c47f22c9a9a8220db088b309ad6e600a73d7a69473e3a8e5e3ea3/pydantic_core-2.23.4-cp312-cp312-manylinux_2_5_i686.manylinux1_i686.whl", hash = "sha256:68665f4c17edcceecc112dfed5dbe6f92261fb9d6054b47d01bf6371a6196126", size = 1917453, upload-time = "2024-09-16T16:04:51.099Z" },
    { url = "https://files.pythonhosted.org/packages/e9/88/9df5b7ce880a4703fcc2d76c8c2d8eb9f861f79d0c56f4b8f5f2607ccec8/pydantic_core-2.23.4-cp312-cp312-musllinux_1_1_aarch64.whl", hash = "sha256:20152074317d9bed6b7a95ade3b7d6054845d70584216160860425f4fbd5ee9e", size = 1968793, upload-time = "2024-09-16T16:04:52.604Z" },
    { url = "https://files.pythonhosted.org/packages/e3/b9/41f7efe80f6ce2ed3ee3c2dcfe10ab7adc1172f778cc9659509a79518c43/pydantic_core-2.23.4-cp312-cp312-musllinux_1_1_x86_64.whl", hash = "sha256:9261d3ce84fa1d38ed649c3638feefeae23d32ba9182963e465d58d62203bd24", size = 2116872, upload-time = "2024-09-16T16:04:54.41Z" },
    { url = "https://files.pythonhosted.org/packages/63/08/b59b7a92e03dd25554b0436554bf23e7c29abae7cce4b1c459cd92746811/pydantic_core-2.23.4-cp312-none-win32.whl", hash = "sha256:4ba762ed58e8d68657fc1281e9bb72e1c3e79cc5d464be146e260c541ec12d84", size = 1738535, upload-time = "2024-09-16T16:04:55.828Z" },
    { url = "https://files.pythonhosted.org/packages/88/8d/479293e4d39ab409747926eec4329de5b7129beaedc3786eca070605d07f/pydantic_core-2.23.4-cp312-none-win_amd64.whl", hash = "sha256:97df63000f4fea395b2824da80e169731088656d1818a11b95f3b173747b6cd9", size = 1917992, upload-time = "2024-09-16T16:04:57.395Z" },
]

[[package]]
name = "pyjwt"
version = "2.9.0"
source = { registry = "https://pypi.org/simple" }
sdist = { url = "https://files.pythonhosted.org/packages/fb/68/ce067f09fca4abeca8771fe667d89cc347d1e99da3e093112ac329c6020e/pyjwt-2.9.0.tar.gz", hash = "sha256:7e1e5b56cc735432a7369cbfa0efe50fa113ebecdc04ae6922deba8b84582d0c", size = 78825, upload-time = "2024-08-01T15:01:08.445Z" }
wheels = [
    { url = "https://files.pythonhosted.org/packages/79/84/0fdf9b18ba31d69877bd39c9cd6052b47f3761e9910c15de788e519f079f/PyJWT-2.9.0-py3-none-any.whl", hash = "sha256:3b02fb0f44517787776cf48f2ae25d8e14f300e6d7545a4315cee571a415e850", size = 22344, upload-time = "2024-08-01T15:01:06.481Z" },
]

[[package]]
name = "sqlalchemy"
version = "2.0.52"
source = { registry = "https://pypi.org/simple" }
dependencies = [
    { name = "greenlet", marker = "platform_machine == 'AMD64' or platform_machine == 'WIN32' or platform_machine == 'aarch64' or platform_machine == 'amd64' or platform_machine == 'ppc64le' or platform_machine == 'win32' or platform_machine == 'x86_64'" },
    { name = "typing-extensions" },
]
sdist = { url = "https://files.pythonhosted.org/packages/3b/21/77b4c147963073040dc3c3a5cb7a8c3001a1893c0209432cb77f9df836aa/sqlalchemy-2.0.52.tar.gz", hash = "sha256:5e2d46356ac2ccb7d268ab6c2319ac6a2b42f1b8d5fd8bd3d46855cd82abee97", size = 9945637, upload-time = "2026-08-11T19:07:09.829Z" }
wheels = [
    { url = "https://files.pythonhosted.org/packages/e0/d5/1b77a026d161f98a08f11af1a5f6c47b98ee7c7e2648af525a1004826c78/sqlalchemy-2.0.52-cp312-cp312-macosx_11_0_arm64.whl", hash = "sha256:be8c49131665dfe2cc74c498aa1240ffb548d0fd901325dd11c2c7a18956f727", size = 2170940, upload-time = "2026-08-11T20:58:11.25Z" },
    { url = "https://files.pythonhosted.org/packages/54/bd/f444444adb37b5d53753fb1730ee7a421628e2e3b756c4da461af7e6394a/sqlalchemy-2.0.52-cp312-cp312-manylinux2014_aarch64.manylinux_2_17_aarch64.manylinux_2_28_aarch64.whl", hash = "sha256:1b2d9e507a458832adcfbd8af6e2036ddf069b7710b799448542ebccae2dceee", size = 3383415, upload-time = "2026-08-11T21:02:38.534Z" },
    { url = "https://files.pythonhosted.org/packages/be/57/2eadf93a552568c57e8680b7e58bb5e9770d80942a1bdbaf4f2f63f0d7c8/sqlalchemy-2.0.52-cp312-cp312-manylinux2014_x86_64.manylinux_2_17_x86_64.manylinux_2_28_x86_64.whl", hash = "sha256:8738008376d22f30f411ea3efecf39b51110b6996d80bb73786f30bcfdd5fd3b", size = 3398577, upload-time = "2026-08-11T21:16:59.092Z" },
    { url = "https://files.pythonhosted.org/packages/15/c3/2887cf9dd111d1fbf05d22165b404c221ef43e029f7a2695e7302f27a7cc/sqlalchemy-2.0.52-cp312-cp312-musllinux_1_2_aarch64.whl", hash = "sha256:37a4d548327b6cab9c7d8cdb4e0e82feabee0110c4d150059068e2d1cfbd99ee", size = 3328225, upload-time = "2026-08-11T21:02:40.183Z" },
    { url = "https://files.pythonhosted.org/packages/02/0f/466bdf9e1feeeef5587f868c187d8687e21ff8c85b1775e9041130181132/sqlalchemy-2.0.52-cp312-cp312-musllinux_1_2_x86_64.whl", hash = "sha256:e49f51a5d59857a7a0dcaf9469febf7197d9394bd88f00d69c2c4e848112cdbf", size = 3357374, upload-time = "2026-08-11T21:17:01.076Z" },
    { url = "https://files.pythonhosted.org/packages/22/20/5c2b4583904af4173076dda1c9e53c9e2ffc7a702d2efde0216bbacbf7cb/sqlalchemy-2.0.52-cp312-cp312-win32.whl", hash = "sha256:afda3ec521d0517d0de783fc70030775841900896d832de5bbd066549290470e", size = 2129366, upload-time = "2026-08-11T21:14:50.991Z" },
    { url = "https://files.pythonhosted.org/packages/ed/06/543dab8ef62d4e9fb96fb31a30c2b8b14a8763bccf48d428294d6b3041c0/sqlalchemy-2.0.52-cp312-cp312-win_amd64.whl", hash = "sha256:2d5e53e36e37129fe0be8b9d08b6e4052c10a963ee6cda56c8c10dcc194b99ca", size = 2157344, upload-time = "2026-08-11T21:14:52.453Z" },
    { url = "https://files.pythonhosted.org/packages/b3/3f/3582293d1e185e71d19d7c731c3e2ee20ba21981c4a1115c0806c1f62120/sqlalchemy-2.0.52-py3-none-any.whl", hash = "sha256:3b81b8363a919ce53453591cdb93702e6bd54ade6c4fa2f468fc053baee5ed89", size = 1950700, upload-time = "2026-08-11T20:47:21.603Z" },
]

[[package]]
name = "sqlmodel"
version = "0.0.22"
source = { registry = "https://pypi.org/simple" }
dependencies = [
    { name = "pydantic" },
    { name = "sqlalchemy" },
]
sdist = { url = "https://files.pythonhosted.org/packages/b5/39/8641040ab0d5e1d8a1c2325ae89a01ae659fc96c61a43d158fb71c9a0bf0/sqlmodel-0.0.22.tar.gz", hash = "sha256:7d37c882a30c43464d143e35e9ecaf945d88035e20117bf5ec2834a23cbe505e", size = 116392, upload-time = "2024-08-31T09:43:24.088Z" }
wheels = [
    { url = "https://files.pythonhosted.org/packages/dd/b1/3af5104b716c420e40a6ea1b09886cae3a1b9f4538343875f637755cae5b/sqlmodel-0.0.22-py3-none-any.whl", hash = "sha256:a1ed13e28a1f4057cbf4ff6cdb4fc09e85702621d3259ba17b3c230bfb2f941b", size = 28276, upload-time = "2024-08-31T09:43:22.358Z" },
]

[[package]]
name = "starlette"
version = "0.38.6"
source = { registry = "https://pypi.org/simple" }
dependencies = [
    { name = "anyio" },
]
sdist = { url = "https://files.pythonhosted.org/packages/42/b4/e25c3b688ef703d85e55017c6edd0cbf38e5770ab748234363d54ff0251a/starlette-0.38.6.tar.gz", hash = "sha256:863a1588f5574e70a821dadefb41e4881ea451a47a3cd1b4df359d4ffefe5ead", size = 2569491, upload-time = "2024-09-22T17:01:45.422Z" }
wheels = [
    { url = "https://files.pythonhosted.org/packages/b7/9c/93f7bc03ff03199074e81974cc148908ead60dcf189f68ba1761a0ee35cf/starlette-0.38.6-py3-none-any.whl", hash = "sha256:4517a1409e2e73ee4951214ba012052b9e16f60e90d73cfb06192c19203bbb05", size = 71451, upload-time = "2024-09-22T17:01:43.076Z" },
]

[[package]]
name = "typing-extensions"
version = "4.16.0"
source = { registry = "https://pypi.org/simple" }
sdist = { url = "https://files.pythonhosted.org/packages/f6/cc/6253133b5bb138fc3306cebfbda2c520f545d36b5be2c7255cc528bb45d6/typing_extensions-4.16.0.tar.gz", hash = "sha256:dc983d19a509c94dba722ee6abd33940f7c05a89e243c47e907eb4db6f1a43e5", size = 113555, upload-time = "2026-07-02T08:40:05.92Z" }
wheels = [
    { url = "https://files.pythonhosted.org/packages/49/d3/b8441a820a491ddfc024b0b0cf0393375b75ea13866d9c66727e54c2fc80/typing_extensions-4.16.0-py3-none-any.whl", hash = "sha256:481caa481374e813c1b176ada14e97f1f67a4539ce9cfeb3f350d78d6370c2e8", size = 45571, upload-time = "2026-07-02T08:40:04.659Z" },
]

[[package]]
name = "uvicorn"
version = "0.30.6"
source = { registry = "https://pypi.org/simple" }
dependencies = [
    { name = "click" },
    { name = "h11" },
]
sdist = { url = "https://files.pythonhosted.org/packages/5a/01/5e637e7aa9dd031be5376b9fb749ec20b86f5a5b6a49b87fabd374d5fa9f/uvicorn-0.30.6.tar.gz", hash = "sha256:4b15decdda1e72be08209e860a1e10e92439ad5b97cf44cc945fcbee66fc5788", size = 42825, upload-time = "2024-08-13T09:27:35.098Z" }
wheels = [
    { url = "https://files.pythonhosted.org/packages/f5/8e/cdc7d6263db313030e4c257dd5ba3909ebc4e4fb53ad62d5f09b1a2f5458/uvicorn-0.30.6-py3-none-any.whl", hash = "sha256:65fd46fe3fda5bdc1b03b94eb634923ff18cd35b2f084813ea79d1f103f711b5", size = 62835, upload-time = "2024-08-13T09:27:33.536Z" },
]
